{
  "name": "ch341a",
  "lockfileVersion": 3,
  "requires": true,
  "packages": {
    "": {
      "dependencies": {
        "koffi": "^2.12.4"
      }
    },
    "node_modules/koffi": {
      "version": "2.12.4",
      "resolved": "https://registry.npmjs.org/koffi/-/koffi-2.12.4.tgz",
      "integrity": "sha512-pDP8/lI/ahfxHYatUBbZagkfCuBGoGUj4kGQn/PDSelfb/CNHAk2oKnGcSNytQMGhy/ashE5Fm0vTm5sVSWGqw==",
      "hasInstallScript": true,
      "license": "MIT"
    }
  }
}
